
Microsoft Visual Studio Solution File, Format Version 12.00
# Visual Studio Version 16
VisualStudioVersion = 16.0.31727.386
MinimumVisualStudioVersion = 10.0.40219.1
Project("{FAE04EC0-301F-11D3-BF4B-00C04F79EFBC}") = "Regex_UserReg", "Regex_UserReg.csproj", "{91AA0B58-97B0-48B9-B3B5-BA370CE82C3C}"
EndProject
Project("{FAE04EC0-301F-11D3-BF4B-00C04F79EFBC}") = "Regex_UserReg_MST", "..\Regex_UserReg_MST\Regex_UserReg_MST.csproj", "{73DA48D0-F0A8-457A-9D85-9DBAC5A6FDB3}"
EndProject
Global
	GlobalSection(SolutionConfigurationPlatforms) = preSolution
		Debug|Any CPU = Debug|Any CPU
		Release|Any CPU = Release|Any CPU
	EndGlobalSection
	GlobalSection(ProjectConfigurationPlatforms) = postSolution
		{91AA0B58-97B0-48B9-B3B5-BA370CE82C3C}.Debug|Any CPU.ActiveCfg = Debug|Any CPU
		{91AA0B58-97B0-48B9-B3B5-BA370CE82C3C}.Debug|Any CPU.Build.0 = Debug|Any CPU
		{91AA0B58-97B0-48B9-B3B5-BA370CE82C3C}.Release|Any CPU.ActiveCfg = Release|Any CPU
		{91AA0B58-97B0-48B9-B3B5-BA370CE82C3C}.Release|Any CPU.Build.0 = Release|Any CPU
		{73DA48D0-F0A8-457A-9D85-9DBAC5A6FDB3}.Debug|Any CPU.ActiveCfg = Debug|Any CPU
		{73DA48D0-F0A8-457A-9D85-9DBAC5A6FDB3}.Debug|Any CPU.Build.0 = Debug|Any CPU
		{73DA48D0-F0A8-457A-9D85-9DBAC5A6FDB3}.Release|Any CPU.ActiveCfg = Release|Any CPU
		{73DA48D0-F0A8-457A-9D85-9DBAC5A6FDB3}.Release|Any CPU.Build.0 = Release|Any CPU
	EndGlobalSection
	GlobalSection(SolutionProperties) = preSolution
		HideSolutionNode = FALSE
	EndGlobalSection
	GlobalSection(ExtensibilityGlobals) = postSolution
		SolutionGuid = {434D34D6-DFE7-426C-9A9E-8FF0F89056D9}
	EndGlobalSection
EndGlobal
